
Microsoft Visual Studio Solution File, Format Version 12.00
# Visual Studio Version 16
VisualStudioVersion = 16.0.31729.503
MinimumVisualStudioVersion = 10.0.40219.1
Project("{9A19103F-16F7-4668-BE54-9A1E7A4F7556}") = "IosPlusDownload", "IosPlusDownload.csproj", "{08740C67-7D2E-42C9-B78F-F877B58CEE30}"
EndProject
Global
	GlobalSection(SolutionConfigurationPlatforms) = preSolution
		Debug|Any CPU = Debug|Any CPU
		Release|Any CPU = Release|Any CPU
	EndGlobalSection
	GlobalSection(ProjectConfigurationPlatforms) = postSolution
		{08740C67-7D2E-42C9-B78F-F877B58CEE30}.Debug|Any CPU.ActiveCfg = Debug|Any CPU
		{08740C67-7D2E-42C9-B78F-F877B58CEE30}.Debug|Any CPU.Build.0 = Debug|Any CPU
		{08740C67-7D2E-42C9-B78F-F877B58CEE30}.Release|Any CPU.ActiveCfg = Release|Any CPU
		{08740C67-7D2E-42C9-B78F-F877B58CEE30}.Release|Any CPU.Build.0 = Release|Any CPU
	EndGlobalSection
	GlobalSection(SolutionProperties) = preSolution
		HideSolutionNode = FALSE
	EndGlobalSection
	GlobalSection(ExtensibilityGlobals) = postSolution
		SolutionGuid = {641B3984-B1B6-4E4A-B595-FA47254ACF91}
	EndGlobalSection
EndGlobal
